<?xml version="1.0" encoding="utf-8"?>
<Project ToolsVersion="4.0" xmlns="http://schemas.microsoft.com/developer/msbuild/2003">
  <ItemGroup>
    <Filter Include="Source Files">
      <UniqueIdentifier>{4FC737F1-C7A5-4376-A066-2A32D752A2FF}</UniqueIdentifier>
      <Extensions>cpp;c;cc;cxx;def;odl;idl;hpj;bat;asm;asmx</Extensions>
    </Filter>
    <Filter Include="Header Files">
      <UniqueIdentifier>{93995380-89BD-4b04-88EB-625FBE52EBFB}</UniqueIdentifier>
      <Extensions>h;hpp;hxx;hm;inl;inc;xsd</Extensions>
    </Filter>
    <Filter Include="Resource Files">
      <UniqueIdentifier>{67DA6AB6-F800-4c08-8B7A-83BB121AAD01}</UniqueIdentifier>
      <Extensions>rc;ico;cur;bmp;dlg;rc2;rct;bin;rgs;gif;jpg;jpeg;jpe;resx;tiff;tif;png;wav;mfcribbon-ms</Extensions>
    </Filter>
  </ItemGroup>
  <ItemGroup>
    <None Include="ReadMe.txt" />
    <None Include="small.ico">
      <Filter>Resource Files</Filter>
    </None>
    <None Include="EDTNG.ico">
      <Filter>Resource Files</Filter>
    </None>
  </ItemGroup>
  <ItemGroup>
    <ResourceCompile Include="EDTNG.rc">
      <Filter>Resource Files</Filter>
    </ResourceCompile>
  </ItemGroup>
  <ItemGroup>
    <ClInclude Include="src\hardware.h">
      <Filter>Header Files</Filter>
    </ClInclude>
    <ClInclude Include="src\log.h">
      <Filter>Header Files</Filter>
    </ClInclude>
    <ClInclude Include="src\main.h">
      <Filter>Header Files</Filter>
    </ClInclude>
    <ClInclude Include="src\Resource.h">
      <Filter>Header Files</Filter>
    </ClInclude>
    <ClInclude Include="src\stdafx.h">
      <Filter>Header Files</Filter>
    </ClInclude>
    <ClInclude Include="src\EDT.h">
      <Filter>Header Files</Filter>
    </ClInclude>
    <ClInclude Include="src\system.h">
      <Filter>Header Files</Filter>
    </ClInclude>
    <ClInclude Include="src\util\util_registry.h">
      <Filter>Header Files</Filter>
    </ClInclude>
    <ClInclude Include="src\util\util_system.h">
      <Filter>Header Files</Filter>
    </ClInclude>
    <ClInclude Include="src\pcsc.h">
      <Filter>Header Files</Filter>
    </ClInclude>
    <ClInclude Include="src\process.h">
      <Filter>Header Files</Filter>
    </ClInclude>
    <ClInclude Include="src\util\util_process.h">
      <Filter>Header Files</Filter>
    </ClInclude>
    <ClInclude Include="src\certstore.h">
      <Filter>Header Files</Filter>
    </ClInclude>
    <ClInclude Include="src\services.h">
      <Filter>Header Files</Filter>
    </ClInclude>
    <ClInclude Include="src\pkcs_11.h">
      <Filter>Header Files</Filter>
    </ClInclude>
    <ClInclude Include="src\util\util_pcsc.h">
      <Filter>Header Files</Filter>
    </ClInclude>
    <ClInclude Include="src\eidmw.h">
      <Filter>Header Files</Filter>
    </ClInclude>
    <ClInclude Include="src\calaisregister.h">
      <Filter>Header Files</Filter>
    </ClInclude>
    <ClInclude Include="src\software.h">
      <Filter>Header Files</Filter>
    </ClInclude>
    <ClInclude Include="src\devices.h">
      <Filter>Header Files</Filter>
    </ClInclude>
    <ClInclude Include="src\csp.h">
      <Filter>Header Files</Filter>
    </ClInclude>
  </ItemGroup>
  <ItemGroup>
    <ClCompile Include="src\hardware.cpp">
      <Filter>Source Files</Filter>
    </ClCompile>
    <ClCompile Include="src\log.cpp">
      <Filter>Source Files</Filter>
    </ClCompile>
    <ClCompile Include="src\main.cpp">
      <Filter>Source Files</Filter>
    </ClCompile>
    <ClCompile Include="src\EDT.cpp">
      <Filter>Source Files</Filter>
    </ClCompile>
    <ClCompile Include="src\util\util_registry.cpp">
      <Filter>Source Files</Filter>
    </ClCompile>
    <ClCompile Include="src\util\util_system.cpp">
      <Filter>Source Files</Filter>
    </ClCompile>
    <ClCompile Include="src\system.cpp">
      <Filter>Source Files</Filter>
    </ClCompile>
    <ClCompile Include="src\pcsc.cpp">
      <Filter>Source Files</Filter>
    </ClCompile>
    <ClCompile Include="src\util\util_process.cpp">
      <Filter>Source Files</Filter>
    </ClCompile>
    <ClCompile Include="src\process.cpp">
      <Filter>Source Files</Filter>
    </ClCompile>
    <ClCompile Include="src\certstore.cpp">
      <Filter>Source Files</Filter>
    </ClCompile>
    <ClCompile Include="src\services.cpp">
      <Filter>Source Files</Filter>
    </ClCompile>
    <ClCompile Include="src\pkcs_11.cpp">
      <Filter>Source Files</Filter>
    </ClCompile>
    <ClCompile Include="src\util\util_pcsc.cpp">
      <Filter>Source Files</Filter>
    </ClCompile>
    <ClCompile Include="src\eidmw.cpp">
      <Filter>Source Files</Filter>
    </ClCompile>
    <ClCompile Include="src\calaisregister.cpp">
      <Filter>Source Files</Filter>
    </ClCompile>
    <ClCompile Include="src\software.cpp">
      <Filter>Source Files</Filter>
    </ClCompile>
    <ClCompile Include="src\devices.cpp">
      <Filter>Source Files</Filter>
    </ClCompile>
    <ClCompile Include="src\csp.cpp">
      <Filter>Source Files</Filter>
    </ClCompile>
  </ItemGroup>
</Project>